// !$*UTF8*$!
{
	archiveVersion = 1;
	classes = {
	};
	objectVersion = 48;
	objects = {

/* Begin PBXBuildFile section */
		7728BE2D1FBD914B00C60AC1 /* AppDelegate.swift in Sources */ = {isa = PBXBuildFile; fileRef = 7728BE2C1FBD914B00C60AC1 /* AppDelegate.swift */; };
		7728BE2F1FBD914B00C60AC1 /* ViewController.swift in Sources */ = {isa = PBXBuildFile; fileRef = 7728BE2E1FBD914B00C60AC1 /* ViewController.swift */; };
		7728BE321FBD914B00C60AC1 /* Main.storyboard in Resources */ = {isa = PBXBuildFile; fileRef = 7728BE301FBD914B00C60AC1 /* Main.storyboard */; };
		7728BE341FBD914B00C60AC1 /* Assets.xcassets in Resources */ = {isa = PBXBuildFile; fileRef = 7728BE331FBD914B00C60AC1 /* Assets.xcassets */; };
		7728BE371FBD914B00C60AC1 /* LaunchScreen.storyboard in Resources */ = {isa = PBXBuildFile; fileRef = 7728BE351FBD914B00C60AC1 /* LaunchScreen.storyboard */; };
		7728BE421FBD914B00C60AC1 /* testPluginTests.swift in Sources */ = {isa = PBXBuildFile; fileRef = 7728BE411FBD914B00C60AC1 /* testPluginTests.swift */; };
		7728BE4D1FBD914B00C60AC1 /* testPluginUITests.swift in Sources */ = {isa = PBXBuildFile; fileRef = 7728BE4C1FBD914B00C60AC1 /* testPluginUITests.swift */; };
		772B83CA1FC710A7009F251B /* factory.framework in Frameworks */ = {isa = PBXBuildFile; fileRef = 772B83CB1FC710A7009F251B /* factory.framework */; };
/* End PBXBuildFile section */

/* Begin PBXContainerItemProxy section */
		7728BE3E1FBD914B00C60AC1 /* PBXContainerItemProxy */ = {
			isa = PBXContainerItemProxy;
			containerPortal = 7728BE211FBD914B00C60AC1 /* Project object */;
			proxyType = 1;
			remoteGlobalIDString = 7728BE281FBD914B00C60AC1;
			remoteInfo = testPlugin;
		};
		7728BE491FBD914B00C60AC1 /* PBXContainerItemProxy */ = {
			isa = PBXContainerItemProxy;
			containerPortal = 7728BE211FBD914B00C60AC1 /* Project object */;
			proxyType = 1;
			remoteGlobalIDString = 7728BE281FBD914B00C60AC1;
			remoteInfo = testPlugin;
		};
/* End PBXContainerItemProxy section */

/* Begin PBXFileReference section */
		7728BE291FBD914B00C60AC1 /* testPlugin.app */ = {isa = PBXFileReference; explicitFileType = wrapper.application; includeInIndex = 0; path = testPlugin.app; sourceTree = BUILT_PRODUCTS_DIR; };
		7728BE2C1FBD914B00C60AC1 /* AppDelegate.swift */ = {isa = PBXFileReference; lastKnownFileType = sourcecode.swift; path = AppDelegate.swift; sourceTree = "<group>"; };
		7728BE2E1FBD914B00C60AC1 /* ViewController.swift */ = {isa = PBXFileReference; lastKnownFileType = sourcecode.swift; path = ViewController.swift; sourceTree = "<group>"; };
		7728BE311FBD914B00C60AC1 /* Base */ = {isa = PBXFileReference; lastKnownFileType = file.storyboard; name = Base; path = Base.lproj/Main.storyboard; sourceTree = "<group>"; };
		7728BE331FBD914B00C60AC1 /* Assets.xcassets */ = {isa = PBXFileReference; lastKnownFileType = folder.assetcatalog; path = Assets.xcassets; sourceTree = "<group>"; };
		7728BE361FBD914B00C60AC1 /* Base */ = {isa = PBXFileReference; lastKnownFileType = file.storyboard; name = Base; path = Base.lproj/LaunchScreen.storyboard; sourceTree = "<group>"; };
		7728BE381FBD914B00C60AC1 /* Info.plist */ = {isa = PBXFileReference; lastKnownFileType = text.plist.xml; path = Info.plist; sourceTree = "<group>"; };
		7728BE3D1FBD914B00C60AC1 /* testPluginTests.xctest */ = {isa = PBXFileReference; explicitFileType = wrapper.cfbundle; includeInIndex = 0; path = testPluginTests.xctest; sourceTree = BUILT_PRODUCTS_DIR; };
		7728BE411FBD914B00C60AC1 /* testPluginTests.swift */ = {isa = PBXFileReference; lastKnownFileType = sourcecode.swift; path = testPluginTests.swift; sourceTree = "<group>"; };
		7728BE431FBD914B00C60AC1 /* Info.plist */ = {isa = PBXFileReference; lastKnownFileType = text.plist.xml; path = Info.plist; sourceTree = "<group>"; };
		7728BE481FBD914B00C60AC1 /* testPluginUITests.xctest */ = {isa = PBXFileReference; explicitFileType = wrapper.cfbundle; includeInIndex = 0; path = testPluginUITests.xctest; sourceTree = BUILT_PRODUCTS_DIR; };
		7728BE4C1FBD914B00C60AC1 /* testPluginUITests.swift */ = {isa = PBXFileReference; lastKnownFileType = sourcecode.swift; path = testPluginUITests.swift; sourceTree = "<group>"; };
		7728BE4E1FBD914B00C60AC1 /* Info.plist */ = {isa = PBXFileReference; lastKnownFileType = text.plist.xml; path = Info.plist; sourceTree = "<group>"; };
		772B83CB1FC710A7009F251B /* factory.framework */ = {isa = PBXFileReference; explicitFileType = wrapper.framework; path = factory.framework; sourceTree = BUILT_PRODUCTS_DIR; };
/* End PBXFileReference section */

/* Begin PBXFrameworksBuildPhase section */
		7728BE261FBD914B00C60AC1 /* Frameworks */ = {
			isa = PBXFrameworksBuildPhase;
			buildActionMask = 2147483647;
			files = (
				772B83CA1FC710A7009F251B /* factory.framework in Frameworks */,
			);
			runOnlyForDeploymentPostprocessing = 0;
		};
		7728BE3A1FBD914B00C60AC1 /* Frameworks */ = {
			isa = PBXFrameworksBuildPhase;
			buildActionMask = 2147483647;
			files = (
			);
			runOnlyForDeploymentPostprocessing = 0;
		};
		7728BE451FBD914B00C60AC1 /* Frameworks */ = {
			isa = PBXFrameworksBuildPhase;
			buildActionMask = 2147483647;
			files = (
			);
			runOnlyForDeploymentPostprocessing = 0;
		};
/* End PBXFrameworksBuildPhase section */

/* Begin PBXGroup section */
		7728BE201FBD914B00C60AC1 = {
			isa = PBXGroup;
			children = (
				7728BE2B1FBD914B00C60AC1 /* testPlugin */,
				7728BE401FBD914B00C60AC1 /* testPluginTests */,
				7728BE4B1FBD914B00C60AC1 /* testPluginUITests */,
				7728BE2A1FBD914B00C60AC1 /* Products */,
				7773CCA81FBEFA260033A709 /* Frameworks */,
			);
			sourceTree = "<group>";
		};
		7728BE2A1FBD914B00C60AC1 /* Products */ = {
			isa = PBXGroup;
			children = (
				7728BE291FBD914B00C60AC1 /* testPlugin.app */,
				7728BE3D1FBD914B00C60AC1 /* testPluginTests.xctest */,
				7728BE481FBD914B00C60AC1 /* testPluginUITests.xctest */,
			);
			name = Products;
			sourceTree = "<group>";
		};
		7728BE2B1FBD914B00C60AC1 /* testPlugin */ = {
			isa = PBXGroup;
			children = (
				7728BE2C1FBD914B00C60AC1 /* AppDelegate.swift */,
				7728BE2E1FBD914B00C60AC1 /* ViewController.swift */,
				7728BE301FBD914B00C60AC1 /* Main.storyboard */,
				7728BE331FBD914B00C60AC1 /* Assets.xcassets */,
				7728BE351FBD914B00C60AC1 /* LaunchScreen.storyboard */,
				7728BE381FBD914B00C60AC1 /* Info.plist */,
			);
			path = testPlugin;
			sourceTree = "<group>";
		};
		7728BE401FBD914B00C60AC1 /* testPluginTests */ = {
			isa = PBXGroup;
			children = (
				7728BE411FBD914B00C60AC1 /* testPluginTests.swift */,
				7728BE431FBD914B00C60AC1 /* Info.plist */,
			);
			path = testPluginTests;
			sourceTree = "<group>";
		};
		7728BE4B1FBD914B00C60AC1 /* testPluginUITests */ = {
			isa = PBXGroup;
			children = (
				7728BE4C1FBD914B00C60AC1 /* testPluginUITests.swift */,
				7728BE4E1FBD914B00C60AC1 /* Info.plist */,
			);
			path = testPluginUITests;
			sourceTree = "<group>";
		};
		7773CCA81FBEFA260033A709 /* Frameworks */ = {
			isa = PBXGroup;
			children = (
				772B83CB1FC710A7009F251B /* factory.framework */,
			);
			name = Frameworks;
			sourceTree = "<group>";
		};
/* End PBXGroup section */

/* Begin PBXNativeTarget section */
		7728BE281FBD914B00C60AC1 /* testPlugin */ = {
			isa = PBXNativeTarget;
			buildConfigurationList = 7728BE511FBD914B00C60AC1 /* Build configuration list for PBXNativeTarget "testPlugin" */;
			buildPhases = (
				7728BE251FBD914B00C60AC1 /* Sources */,
				7728BE261FBD914B00C60AC1 /* Frameworks */,
				7728BE271FBD914B00C60AC1 /* Resources */,
			);
			buildRules = (
			);
			dependencies = (
			);
			name = testPlugin;
			productName = testPlugin;
			productReference = 7728BE291FBD914B00C60AC1 /* testPlugin.app */;
			productType = "com.apple.product-type.application";
		};
		7728BE3C1FBD914B00C60AC1 /* testPluginTests */ = {
			isa = PBXNativeTarget;
			buildConfigurationList = 7728BE541FBD914B00C60AC1 /* Build configuration list for PBXNativeTarget "testPluginTests" */;
			buildPhases = (
				7728BE391FBD914B00C60AC1 /* Sources */,
				7728BE3A1FBD914B00C60AC1 /* Frameworks */,
				7728BE3B1FBD914B00C60AC1 /* Resources */,
			);
			buildRules = (
			);
			dependencies = (
				7728BE3F1FBD914B00C60AC1 /* PBXTargetDependency */,
			);
			name = testPluginTests;
			productName = testPluginTests;
			productReference = 7728BE3D1FBD914B00C60AC1 /* testPluginTests.xctest */;
			productType = "com.apple.product-type.bundle.unit-test";
		};
		7728BE471FBD914B00C60AC1 /* testPluginUITests */ = {
			isa = PBXNativeTarget;
			buildConfigurationList = 7728BE571FBD914B00C60AC1 /* Build configuration list for PBXNativeTarget "testPluginUITests" */;
			buildPhases = (
				7728BE441FBD914B00C60AC1 /* Sources */,
				7728BE451FBD914B00C60AC1 /* Frameworks */,
				7728BE461FBD914B00C60AC1 /* Resources */,
			);
			buildRules = (
			);
			dependencies = (
				7728BE4A1FBD914B00C60AC1 /* PBXTargetDependency */,
			);
			name = testPluginUITests;
			productName = testPluginUITests;
			productReference = 7728BE481FBD914B00C60AC1 /* testPluginUITests.xctest */;
			productType = "com.apple.product-type.bundle.ui-testing";
		};
/* End PBXNativeTarget section */

/* Begin PBXProject section */
		7728BE211FBD914B00C60AC1 /* Project object */ = {
			isa = PBXProject;
			attributes = {
				LastSwiftUpdateCheck = 0910;
				LastUpgradeCheck = 0910;
				ORGANIZATIONNAME = "Melandri Franco";
				TargetAttributes = {
					7728BE281FBD914B00C60AC1 = {
						CreatedOnToolsVersion = 9.1;
						ProvisioningStyle = Automatic;
					};
					7728BE3C1FBD914B00C60AC1 = {
						CreatedOnToolsVersion = 9.1;
						ProvisioningStyle = Automatic;
						TestTargetID = 7728BE281FBD914B00C60AC1;
					};
					7728BE471FBD914B00C60AC1 = {
						CreatedOnToolsVersion = 9.1;
						ProvisioningStyle = Automatic;
						TestTargetID = 7728BE281FBD914B00C60AC1;
					};
				};
			};
			buildConfigurationList = 7728BE241FBD914B00C60AC1 /* Build configuration list for PBXProject "testPlugin" */;
			compatibilityVersion = "Xcode 8.0";
			developmentRegion = en;
			hasScannedForEncodings = 0;
			knownRegions = (
				en,
				Base,
			);
			mainGroup = 7728BE201FBD914B00C60AC1;
			productRefGroup = 7728BE2A1FBD914B00C60AC1 /* Products */;
			projectDirPath = "";
			projectRoot = "";
			targets = (
				7728BE281FBD914B00C60AC1 /* testPlugin */,
				7728BE3C1FBD914B00C60AC1 /* testPluginTests */,
				7728BE471FBD914B00C60AC1 /* testPluginUITests */,
			);
		};
/* End PBXProject section */

/* Begin PBXResourcesBuildPhase section */
		7728BE271FBD914B00C60AC1 /* Resources */ = {
			isa = PBXResourcesBuildPhase;
			buildActionMask = 2147483647;
			files = (
				7728BE371FBD914B00C60AC1 /* LaunchScreen.storyboard in Resources */,
				7728BE341FBD914B00C60AC1 /* Assets.xcassets in Resources */,
				7728BE321FBD914B00C60AC1 /* Main.storyboard in Resources */,
			);
			runOnlyForDeploymentPostprocessing = 0;
		};
		7728BE3B1FBD914B00C60AC1 /* Resources */ = {
			isa = PBXResourcesBuildPhase;
			buildActionMask = 2147483647;
			files = (
			);
			runOnlyForDeploymentPostprocessing = 0;
		};
		7728BE461FBD914B00C60AC1 /* Resources */ = {
			isa = PBXResourcesBuildPhase;
			buildActionMask = 2147483647;
			files = (
			);
			runOnlyForDeploymentPostprocessing = 0;
		};
/* End PBXResourcesBuildPhase section */

/* Begin PBXSourcesBuildPhase section */
		7728BE251FBD914B00C60AC1 /* Sources */ = {
			isa = PBXSourcesBuildPhase;
			buildActionMask = 2147483647;
			files = (
				7728BE2F1FBD914B00C60AC1 /* ViewController.swift in Sources */,
				7728BE2D1FBD914B00C60AC1 /* AppDelegate.swift in Sources */,
			);
			runOnlyForDeploymentPostprocessing = 0;
		};
		7728BE391FBD914B00C60AC1 /* Sources */ = {
			isa = PBXSourcesBuildPhase;
			buildActionMask = 2147483647;
			files = (
				7728BE421FBD914B00C60AC1 /* testPluginTests.swift in Sources */,
			);
			runOnlyForDeploymentPostprocessing = 0;
		};
		7728BE441FBD914B00C60AC1 /* Sources */ = {
			isa = PBXSourcesBuildPhase;
			buildActionMask = 2147483647;
			files = (
				7728BE4D1FBD914B00C60AC1 /* testPluginUITests.swift in Sources */,
			);
			runOnlyForDeploymentPostprocessing = 0;
		};
/* End PBXSourcesBuildPhase section */

/* Begin PBXTargetDependency section */
		7728BE3F1FBD914B00C60AC1 /* PBXTargetDependency */ = {
			isa = PBXTargetDependency;
			target = 7728BE281FBD914B00C60AC1 /* testPlugin */;
			targetProxy = 7728BE3E1FBD914B00C60AC1 /* PBXContainerItemProxy */;
		};
		7728BE4A1FBD914B00C60AC1 /* PBXTargetDependency */ = {
			isa = PBXTargetDependency;
			target = 7728BE281FBD914B00C60AC1 /* testPlugin */;
			targetProxy = 7728BE491FBD914B00C60AC1 /* PBXContainerItemProxy */;
		};
/* End PBXTargetDependency section */

/* Begin PBXVariantGroup section */
		7728BE301FBD914B00C60AC1 /* Main.storyboard */ = {
			isa = PBXVariantGroup;
			children = (
				7728BE311FBD914B00C60AC1 /* Base */,
			);
			name = Main.storyboard;
			sourceTree = "<group>";
		};
		7728BE351FBD914B00C60AC1 /* LaunchScreen.storyboard */ = {
			isa = PBXVariantGroup;
			children = (
				7728BE361FBD914B00C60AC1 /* Base */,
			);
			name = LaunchScreen.storyboard;
			sourceTree = "<group>";
		};
/* End PBXVariantGroup section */

/* Begin XCBuildConfiguration section */
		7728BE4F1FBD914B00C60AC1 /* Debug */ = {
			isa = XCBuildConfiguration;
			buildSettings = {
				ALWAYS_SEARCH_USER_PATHS = NO;
				CLANG_ANALYZER_NONNULL = YES;
				CLANG_ANALYZER_NUMBER_OBJECT_CONVERSION = YES_AGGRESSIVE;
				CLANG_CXX_LANGUAGE_STANDARD = "gnu++14";
				CLANG_CXX_LIBRARY = "libc++";
				CLANG_ENABLE_MODULES = YES;
				CLANG_ENABLE_OBJC_ARC = YES;
				CLANG_WARN_BLOCK_CAPTURE_AUTORELEASING = YES;
				CLANG_WARN_BOOL_CONVERSION = YES;
				CLANG_WARN_COMMA = YES;
				CLANG_WARN_CONSTANT_CONVERSION = YES;
				CLANG_WARN_DIRECT_OBJC_ISA_USAGE = YES_ERROR;
				CLANG_WARN_DOCUMENTATION_COMMENTS = YES;
				CLANG_WARN_EMPTY_BODY = YES;
				CLANG_WARN_ENUM_CONVERSION = YES;
				CLANG_WARN_INFINITE_RECURSION = YES;
				CLANG_WARN_INT_CONVERSION = YES;
				CLANG_WARN_NON_LITERAL_NULL_CONVERSION = YES;
				CLANG_WARN_OBJC_LITERAL_CONVERSION = YES;
				CLANG_WARN_OBJC_ROOT_CLASS = YES_ERROR;
				CLANG_WARN_RANGE_LOOP_ANALYSIS = YES;
				CLANG_WARN_STRICT_PROTOTYPES = YES;
				CLANG_WARN_SUSPICIOUS_MOVE = YES;
				CLANG_WARN_UNGUARDED_AVAILABILITY = YES_AGGRESSIVE;
				CLANG_WARN_UNREACHABLE_CODE = YES;
				CLANG_WARN__DUPLICATE_METHOD_MATCH = YES;
				CODE_SIGN_IDENTITY = "iPhone Developer";
				COPY_PHASE_STRIP = NO;
				DEBUG_INFORMATION_FORMAT = dwarf;
				ENABLE_STRICT_OBJC_MSGSEND = YES;
				ENABLE_TESTABILITY = YES;
				GCC_C_LANGUAGE_STANDARD = gnu11;
				GCC_DYNAMIC_NO_PIC = NO;
				GCC_NO_COMMON_BLOCKS = YES;
				GCC_OPTIMIZATION_LEVEL = 0;
				GCC_PREPROCESSOR_DEFINITIONS = (
					"DEBUG=1",
					"$(inherited)",
				);
				GCC_WARN_64_TO_32_BIT_CONVERSION = YES;
				GCC_WARN_ABOUT_RETURN_TYPE = YES_ERROR;
				GCC_WARN_UNDECLARED_SELECTOR = YES;
				GCC_WARN_UNINITIALIZED_AUTOS = YES_AGGRESSIVE;
				GCC_WARN_UNUSED_FUNCTION = YES;
				GCC_WARN_UNUSED_VARIABLE = YES;
				IPHONEOS_DEPLOYMENT_TARGET = 11.1;
				MTL_ENABLE_DEBUG_INFO = YES;
				ONLY_ACTIVE_ARCH = YES;
				SDKROOT = iphoneos;
				SWIFT_ACTIVE_COMPILATION_CONDITIONS = DEBUG;
				SWIFT_OPTIMIZATION_LEVEL = "-Onone";
				SWIFT_VERSION = 4.0;
			};
			name = Debug;
		};
		7728BE501FBD914B00C60AC1 /* Release */ = {
			isa = XCBuildConfiguration;
			buildSettings = {
				ALWAYS_SEARCH_USER_PATHS = NO;
				CLANG_ANALYZER_NONNULL = YES;
				CLANG_ANALYZER_NUMBER_OBJECT_CONVERSION = YES_AGGRESSIVE;
				CLANG_CXX_LANGUAGE_STANDARD = "gnu++14";
				CLANG_CXX_LIBRARY = "libc++";
				CLANG_ENABLE_MODULES = YES;
				CLANG_ENABLE_OBJC_ARC = YES;
				CLANG_WARN_BLOCK_CAPTURE_AUTORELEASING = YES;
				CLANG_WARN_BOOL_CONVERSION = YES;
				CLANG_WARN_COMMA = YES;
				CLANG_WARN_CONSTANT_CONVERSION = YES;
				CLANG_WARN_DIRECT_OBJC_ISA_USAGE = YES_ERROR;
				CLANG_WARN_DOCUMENTATION_COMMENTS = YES;
				CLANG_WARN_EMPTY_BODY = YES;
				CLANG_WARN_ENUM_CONVERSION = YES;
				CLANG_WARN_INFINITE_RECURSION = YES;
				CLANG_WARN_INT_CONVERSION = YES;
				CLANG_WARN_NON_LITERAL_NULL_CONVERSION = YES;
				CLANG_WARN_OBJC_LITERAL_CONVERSION = YES;
				CLANG_WARN_OBJC_ROOT_CLASS = YES_ERROR;
				CLANG_WARN_RANGE_LOOP_ANALYSIS = YES;
				CLANG_WARN_STRICT_PROTOTYPES = YES;
				CLANG_WARN_SUSPICIOUS_MOVE = YES;
				CLANG_WARN_UNGUARDED_AVAILABILITY = YES_AGGRESSIVE;
				CLANG_WARN_UNREACHABLE_CODE = YES;
				CLANG_WARN__DUPLICATE_METHOD_MATCH = YES;
				CODE_SIGN_IDENTITY = "iPhone Developer";
				COPY_PHASE_STRIP = NO;
				DEBUG_INFORMATION_FORMAT = "dwarf-with-dsym";
				ENABLE_NS_ASSERTIONS = NO;
				ENABLE_STRICT_OBJC_MSGSEND = YES;
				GCC_C_LANGUAGE_STANDARD = gnu11;
				GCC_NO_COMMON_BLOCKS = YES;
				GCC_WARN_64_TO_32_BIT_CONVERSION = YES;
				GCC_WARN_ABOUT_RETURN_TYPE = YES_ERROR;
				GCC_WARN_UNDECLARED_SELECTOR = YES;
				GCC_WARN_UNINITIALIZED_AUTOS = YES_AGGRESSIVE;
				GCC_WARN_UNUSED_FUNCTION = YES;
				GCC_WARN_UNUSED_VARIABLE = YES;
				IPHONEOS_DEPLOYMENT_TARGET = 11.1;
				MTL_ENABLE_DEBUG_INFO = NO;
				SDKROOT = iphoneos;
				SWIFT_OPTIMIZATION_LEVEL = "-Owholemodule";
				SWIFT_VERSION = 4.0;
				VALIDATE_PRODUCT = YES;
			};
			name = Release;
		};
		7728BE521FBD914B00C60AC1 /* Debug */ = {
			isa = XCBuildConfiguration;
			buildSettings = {
				ASSETCATALOG_COMPILER_APPICON_NAME = AppIcon;
				CODE_SIGN_STYLE = Automatic;
				DEVELOPMENT_TEAM = NCPXSJG4CV;
				INFOPLIST_FILE = testPlugin/Info.plist;
				LD_RUNPATH_SEARCH_PATHS = "$(inherited) @executable_path/Frameworks";
				PRODUCT_BUNDLE_IDENTIFIER = com.francomelandri.testPlugin;
				PRODUCT_NAME = "$(TARGET_NAME)";
				SWIFT_VERSION = 4.0;
				TARGETED_DEVICE_FAMILY = "1,2";
			};
			name = Debug;
		};
		7728BE531FBD914B00C60AC1 /* Release */ = {
			isa = XCBuildConfiguration;
			buildSettings = {
				ASSETCATALOG_COMPILER_APPICON_NAME = AppIcon;
				CODE_SIGN_STYLE = Automatic;
				DEVELOPMENT_TEAM = NCPXSJG4CV;
				INFOPLIST_FILE = testPlugin/Info.plist;
				LD_RUNPATH_SEARCH_PATHS = "$(inherited) @executable_path/Frameworks";
				PRODUCT_BUNDLE_IDENTIFIER = com.francomelandri.testPlugin;
				PRODUCT_NAME = "$(TARGET_NAME)";
				SWIFT_VERSION = 4.0;
				TARGETED_DEVICE_FAMILY = "1,2";
			};
			name = Release;
		};
		7728BE551FBD914B00C60AC1 /* Debug */ = {
			isa = XCBuildConfiguration;
			buildSettings = {
				ALWAYS_EMBED_SWIFT_STANDARD_LIBRARIES = YES;
				BUNDLE_LOADER = "$(TEST_HOST)";
				CODE_SIGN_STYLE = Automatic;
				DEVELOPMENT_TEAM = NCPXSJG4CV;
				INFOPLIST_FILE = testPluginTests/Info.plist;
				LD_RUNPATH_SEARCH_PATHS = "$(inherited) @executable_path/Frameworks @loader_path/Frameworks";
				PRODUCT_BUNDLE_IDENTIFIER = com.francomelandri.testPluginTests;
				PRODUCT_NAME = "$(TARGET_NAME)";
				SWIFT_VERSION = 4.0;
				TARGETED_DEVICE_FAMILY = "1,2";
				TEST_HOST = "$(BUILT_PRODUCTS_DIR)/testPlugin.app/testPlugin";
			};
			name = Debug;
		};
		7728BE561FBD914B00C60AC1 /* Release */ = {
			isa = XCBuildConfiguration;
			buildSettings = {
				ALWAYS_EMBED_SWIFT_STANDARD_LIBRARIES = YES;
				BUNDLE_LOADER = "$(TEST_HOST)";
				CODE_SIGN_STYLE = Automatic;
				DEVELOPMENT_TEAM = NCPXSJG4CV;
				INFOPLIST_FILE = testPluginTests/Info.plist;
				LD_RUNPATH_SEARCH_PATHS = "$(inherited) @executable_path/Frameworks @loader_path/Frameworks";
				PRODUCT_BUNDLE_IDENTIFIER = com.francomelandri.testPluginTests;
				PRODUCT_NAME = "$(TARGET_NAME)";
				SWIFT_VERSION = 4.0;
				TARGETED_DEVICE_FAMILY = "1,2";
				TEST_HOST = "$(BUILT_PRODUCTS_DIR)/testPlugin.app/testPlugin";
			};
			name = Release;
		};
		7728BE581FBD914B00C60AC1 /* Debug */ = {
			isa = XCBuildConfiguration;
			buildSettings = {
				ALWAYS_EMBED_SWIFT_STANDARD_LIBRARIES = YES;
				CODE_SIGN_STYLE = Automatic;
				DEVELOPMENT_TEAM = NCPXSJG4CV;
				INFOPLIST_FILE = testPluginUITests/Info.plist;
				LD_RUNPATH_SEARCH_PATHS = "$(inherited) @executable_path/Frameworks @loader_path/Frameworks";
				PRODUCT_BUNDLE_IDENTIFIER = com.francomelandri.testPluginUITests;
				PRODUCT_NAME = "$(TARGET_NAME)";
				SWIFT_VERSION = 4.0;
				TARGETED_DEVICE_FAMILY = "1,2";
				TEST_TARGET_NAME = testPlugin;
			};
			name = Debug;
		};
		7728BE591FBD914B00C60AC1 /* Release */ = {
			isa = XCBuildConfiguration;
			buildSettings = {
				ALWAYS_EMBED_SWIFT_STANDARD_LIBRARIES = YES;
				CODE_SIGN_STYLE = Automatic;
				DEVELOPMENT_TEAM = NCPXSJG4CV;
				INFOPLIST_FILE = testPluginUITests/Info.plist;
				LD_RUNPATH_SEARCH_PATHS = "$(inherited) @executable_path/Frameworks @loader_path/Frameworks";
				PRODUCT_BUNDLE_IDENTIFIER = com.francomelandri.testPluginUITests;
				PRODUCT_NAME = "$(TARGET_NAME)";
				SWIFT_VERSION = 4.0;
				TARGETED_DEVICE_FAMILY = "1,2";
				TEST_TARGET_NAME = testPlugin;
			};
			name = Release;
		};
/* End XCBuildConfiguration section */

/* Begin XCConfigurationList section */
		7728BE241FBD914B00C60AC1 /* Build configuration list for PBXProject "testPlugin" */ = {
			isa = XCConfigurationList;
			buildConfigurations = (
				7728BE4F1FBD914B00C60AC1 /* Debug */,
				7728BE501FBD914B00C60AC1 /* Release */,
			);
			defaultConfigurationIsVisible = 0;
			defaultConfigurationName = Release;
		};
		7728BE511FBD914B00C60AC1 /* Build configuration list for PBXNativeTarget "testPlugin" */ = {
			isa = XCConfigurationList;
			buildConfigurations = (
				7728BE521FBD914B00C60AC1 /* Debug */,
				7728BE531FBD914B00C60AC1 /* Release */,
			);
			defaultConfigurationIsVisible = 0;
			defaultConfigurationName = Release;
		};
		7728BE541FBD914B00C60AC1 /* Build configuration list for PBXNativeTarget "testPluginTests" */ = {
			isa = XCConfigurationList;
			buildConfigurations = (
				7728BE551FBD914B00C60AC1 /* Debug */,
				7728BE561FBD914B00C60AC1 /* Release */,
			);
			defaultConfigurationIsVisible = 0;
			defaultConfigurationName = Release;
		};
		7728BE571FBD914B00C60AC1 /* Build configuration list for PBXNativeTarget "testPluginUITests" */ = {
			isa = XCConfigurationList;
			buildConfigurations = (
				7728BE581FBD914B00C60AC1 /* Debug */,
				7728BE591FBD914B00C60AC1 /* Release */,
			);
			defaultConfigurationIsVisible = 0;
			defaultConfigurationName = Release;
		};
/* End XCConfigurationList section */
	};
	rootObject = 7728BE211FBD914B00C60AC1 /* Project object */;
}
